
Microsoft Visual Studio Solution File, Format Version 12.00
# Visual Studio 15
VisualStudioVersion = 15.0.28010.2003
MinimumVisualStudioVersion = 10.0.40219.1
Project("{FAE04EC0-301F-11D3-BF4B-00C04F79EFBC}") = "lambhootTwitterBot", "lambhootTwitterBot\lambhootTwitterBot.csproj", "{7B7FF7B9-49B6-4F7F-BAC2-CD5D42A07E91}"
EndProject
Global
	GlobalSection(SolutionConfigurationPlatforms) = preSolution
		Debug|Any CPU = Debug|Any CPU
		Release|Any CPU = Release|Any CPU
	EndGlobalSection
	GlobalSection(ProjectConfigurationPlatforms) = postSolution
		{7B7FF7B9-49B6-4F7F-BAC2-CD5D42A07E91}.Debug|Any CPU.ActiveCfg = Debug|Any CPU
		{7B7FF7B9-49B6-4F7F-BAC2-CD5D42A07E91}.Debug|Any CPU.Build.0 = Debug|Any CPU
		{7B7FF7B9-49B6-4F7F-BAC2-CD5D42A07E91}.Release|Any CPU.ActiveCfg = Release|Any CPU
		{7B7FF7B9-49B6-4F7F-BAC2-CD5D42A07E91}.Release|Any CPU.Build.0 = Release|Any CPU
	EndGlobalSection
	GlobalSection(SolutionProperties) = preSolution
		HideSolutionNode = FALSE
	EndGlobalSection
	GlobalSection(ExtensibilityGlobals) = postSolution
		SolutionGuid = {B4B4BD4E-C689-4418-A7F0-BAD1E626EE72}
	EndGlobalSection
EndGlobal
